// !$*UTF8*$!
{
	archiveVersion = 1;
	classes = {
	};
	objectVersion = 54;
	objects = {

/* Begin PBXBuildFile section */
		0B412B3721CBFD813FA426DA /* sfx_target.wav in Resources */ = {isa = PBXBuildFile; fileRef = 004E61D0AED9BE6563C58D22 /* sfx_target.wav */; };
		0B5E4A149C729A0B712CD550 /* music_almanac.m4a in Resources */ = {isa = PBXBuildFile; fileRef = C7F3E5F74E047E8B43F83A49 /* music_almanac.m4a */; };
		0C7C1669BDB2E97747AD659C /* sfx_arukone_reject.wav in Resources */ = {isa = PBXBuildFile; fileRef = FFB72BD55F48513A7EA28641 /* sfx_arukone_reject.wav */; };
		0C80B921A6F3F58F76C31292 /* libPods-GravityInit.a in Frameworks */ = {isa = PBXBuildFile; fileRef = 5DCACB8F33CDC322A6C60F78 /* libPods-GravityInit.a */; };
		103E266DC96111ECDC638735 /* sfx_binairo_solve.wav in Resources */ = {isa = PBXBuildFile; fileRef = F317E282D8AEEA9FDD698D15 /* sfx_binairo_solve.wav */; };
		1210564D9271BA2284DC905A /* sfx_bridges_build.wav in Resources */ = {isa = PBXBuildFile; fileRef = 174889A22302B38C207CCBB5 /* sfx_bridges_build.wav */; };
		121601B2AB6DD257406D119B /* TesseraWidgetBridge.m in Sources */ = {isa = PBXBuildFile; fileRef = F25C9EB17D355773E3E3AEB1 /* TesseraWidgetBridge.m */; };
		12B09D86EE9787F5F822CA1E /* sfx_coin.wav in Resources */ = {isa = PBXBuildFile; fileRef = E2CA00CBA0A26EE543BF18E1 /* sfx_coin.wav */; };
		139D034796C454514FD4461C /* sfx_move.wav in Resources */ = {isa = PBXBuildFile; fileRef = 82C8FD3C1722BA279244080C /* sfx_move.wav */; };
		13B07FBF1A68108700A75B9A /* Images.xcassets in Resources */ = {isa = PBXBuildFile; fileRef = 13B07FB51A68108700A75B9A /* Images.xcassets */; };
		185A9A8EA8F7DCD06461B506 /* sfx_towers_place.wav in Resources */ = {isa = PBXBuildFile; fileRef = 3B6A68F0B4555DC11A36A5E2 /* sfx_towers_place.wav */; };
		1A0892635B3F298EA23EBB18 /* sfx_bridges_solve.wav in Resources */ = {isa = PBXBuildFile; fileRef = F002F5190C506BAACACE55E8 /* sfx_bridges_solve.wav */; };
		2196A53AC9BBB734BED91625 /* sfx_adjacent_combo.wav in Resources */ = {isa = PBXBuildFile; fileRef = 785338A184AD1261F2B73230 /* sfx_adjacent_combo.wav */; };
		30613CE76671F062A423CFD5 /* sfx_arukone_solve.wav in Resources */ = {isa = PBXBuildFile; fileRef = B4EE1D3E6C53746442CB35B9 /* sfx_arukone_solve.wav */; };
		33C63563EF50ABAC3B3057C4 /* sfx_tap.wav in Resources */ = {isa = PBXBuildFile; fileRef = A6771E312736404BD2FD70EE /* sfx_tap.wav */; };
		371F858E092CA53ABAE50BBC /* sfx_bridges_blocked.wav in Resources */ = {isa = PBXBuildFile; fileRef = A5113CF583C61462CFEBAD35 /* sfx_bridges_blocked.wav */; };
		39101E0ADD9FE68FA5BEF2A0 /* sfx_fillapix_clue.wav in Resources */ = {isa = PBXBuildFile; fileRef = A403FE84681547EF6403E82E /* sfx_fillapix_clue.wav */; };
		3B9DFF08DD9B530E577575F3 /* sfx_mirror_place.wav in Resources */ = {isa = PBXBuildFile; fileRef = 81B6A7CD078CA1E09335C233 /* sfx_mirror_place.wav */; };
		3C36AFFD3CB1594066DC76B7 /* sfx_fillapix_solve.wav in Resources */ = {isa = PBXBuildFile; fileRef = 3CB2D123973CEA10C7DA43BA /* sfx_fillapix_solve.wav */; };
		3CA70813EB5D2FDB2D437AF7 /* sfx_tents_row_complete.wav in Resources */ = {isa = PBXBuildFile; fileRef = 1E96CE94D4CB06168C226B9A /* sfx_tents_row_complete.wav */; };
		3D9FDED5EC21D0D92409D262 /* sfx_chime_kalimba.wav in Resources */ = {isa = PBXBuildFile; fileRef = 1673F406B9C979B4FCF41A58 /* sfx_chime_kalimba.wav */; };
		3ED44C89C2D6166C8C4C2B7B /* sfx_bloom_solve.wav in Resources */ = {isa = PBXBuildFile; fileRef = 373318F8AFD9AF43B0FE7A5B /* sfx_bloom_solve.wav */; };
		49BA63A169391742B8AA8B8F /* sfx_chime_harp.wav in Resources */ = {isa = PBXBuildFile; fileRef = F22E9895B032E02CF9D3E44D /* sfx_chime_harp.wav */; };
		4E45E3ABBF09147574E45CAA /* sfx_arukone_join.wav in Resources */ = {isa = PBXBuildFile; fileRef = C2CD9879DB1D9ECEBF008AE7 /* sfx_arukone_join.wav */; };
		4EC4FDB738B9E61670F21C45 /* sfx_tents_error.wav in Resources */ = {isa = PBXBuildFile; fileRef = D9BBB737A0FEDF8A0EE4FB01 /* sfx_tents_error.wav */; };
		538EA4387E502E3B2269EC1F /* sfx_ink_trail_contact.wav in Resources */ = {isa = PBXBuildFile; fileRef = 0A6212DBB44BEC00DD621749 /* sfx_ink_trail_contact.wav */; };
		57D355D19F4E80F6F370981D /* sfx_mosaic_return.wav in Resources */ = {isa = PBXBuildFile; fileRef = 92DD3365B4D262FC5B9413FB /* sfx_mosaic_return.wav */; };
		5C4826ED02A3F535DAFFA2CF /* PrivacyInfo.xcprivacy in Resources */ = {isa = PBXBuildFile; fileRef = 13B07FB81A68108700A75B9A /* PrivacyInfo.xcprivacy */; };
		61A6BA45885343E196301354 /* sfx_solve.wav in Resources */ = {isa = PBXBuildFile; fileRef = BFAAE301FFA1BC61BD53DC70 /* sfx_solve.wav */; };
		61C675E24328CFC3B8B1EF78 /* sfx_mosaic_place.wav in Resources */ = {isa = PBXBuildFile; fileRef = 0163F917EB544A92C0B5B551 /* sfx_mosaic_place.wav */; };
		657D61A956941BABBFFDCEE6 /* sfx_binairo_row_balance.wav in Resources */ = {isa = PBXBuildFile; fileRef = 8FBDDD8FC6DB55B74D342F2F /* sfx_binairo_row_balance.wav */; };
		686DED3FD3CD35DC05B9B2E0 /* sfx_fillapix_toggle.wav in Resources */ = {isa = PBXBuildFile; fileRef = 7B3595B6FFAA228631CEB615 /* sfx_fillapix_toggle.wav */; };
		6C3831620F8AE6B073B174E0 /* sfx_lightsout_solve.wav in Resources */ = {isa = PBXBuildFile; fileRef = A4DBD945DD03D910EEC12653 /* sfx_lightsout_solve.wav */; };
		6E7E904FF5E100B2BCDCC2A3 /* sfx_bridges_remove.wav in Resources */ = {isa = PBXBuildFile; fileRef = 6E798D4D25AEC083F94F8AEE /* sfx_bridges_remove.wav */; };
		6EE4BBC59B4547653F6B6999 /* sfx_binairo_error.wav in Resources */ = {isa = PBXBuildFile; fileRef = FC23D3BF292257E5217ACC95 /* sfx_binairo_error.wav */; };
		7343BF0BCA5795F26837C68C /* WidgetKit.framework in Frameworks */ = {isa = PBXBuildFile; fileRef = 32D19525581619BCF5513724 /* WidgetKit.framework */; };
		7433DA2B708E1731899D72DE /* daily-schedule.json in Resources */ = {isa = PBXBuildFile; fileRef = 65430377FBC6EE8689AE8559 /* daily-schedule.json */; };
		761780ED2CA45674006654EE /* AppDelegate.swift in Sources */ = {isa = PBXBuildFile; fileRef = 761780EC2CA45674006654EE /* AppDelegate.swift */; };
		766697C60B96947080FF03C7 /* sfx_mirror_solve.wav in Resources */ = {isa = PBXBuildFile; fileRef = 369F0C92F8C5839051C7486F /* sfx_mirror_solve.wav */; };
		7704181FF0AD2DDAB0646744 /* sfx_tents_plant.wav in Resources */ = {isa = PBXBuildFile; fileRef = 18D648F25764C6A01DF64BC2 /* sfx_tents_plant.wav */; };
		778C9DC89E178AE69F21559B /* sfx_tents_solve.wav in Resources */ = {isa = PBXBuildFile; fileRef = 9C0D9F01714DCB0BFDA7F9FB /* sfx_tents_solve.wav */; };
		796B970C79EBD518885D9957 /* sfx_towers_row_complete.wav in Resources */ = {isa = PBXBuildFile; fileRef = 18785872A2254CCABF8FF6E3 /* sfx_towers_row_complete.wav */; };
		7C8A23D33E18F0E823E5EE08 /* sfx_adjacent_pop.wav in Resources */ = {isa = PBXBuildFile; fileRef = 99E3439AE38D96E62E4138FC /* sfx_adjacent_pop.wav */; };
		7CED867168456542ED382E39 /* sfx_binairo_toggle.wav in Resources */ = {isa = PBXBuildFile; fileRef = 64406E1A073E9C3E3F54E9CB /* sfx_binairo_toggle.wav */; };
		81AB9BB82411601600AC10FF /* LaunchScreen.storyboard in Resources */ = {isa = PBXBuildFile; fileRef = 81AB9BB72411601600AC10FF /* LaunchScreen.storyboard */; };
		81C7516F3DF5BD2158A14B2F /* sfx_adjacent_solve.wav in Resources */ = {isa = PBXBuildFile; fileRef = 2A484D05531918208DBC14CC /* sfx_adjacent_solve.wav */; };
		87B291DA74C494AC202F656E /* TesseraWidgetReloader.swift in Sources */ = {isa = PBXBuildFile; fileRef = 9C6655CF4B72BD8067173D76 /* TesseraWidgetReloader.swift */; };
		8DA680DF67209FEDA9F39F4A /* sfx_step.wav in Resources */ = {isa = PBXBuildFile; fileRef = BF4A64503A5344D1F60D5457 /* sfx_step.wav */; };
		8F7E1CD7A95EA22DF6F9CAAE /* sfx_lightsout_tap.wav in Resources */ = {isa = PBXBuildFile; fileRef = 8CBFE152EECF1CE38AE30EDE /* sfx_lightsout_tap.wav */; };
		9F5469FC6DB931CB042985F5 /* sfx_towers_conflict.wav in Resources */ = {isa = PBXBuildFile; fileRef = 9EF4F30E6CCB820AA0E73F82 /* sfx_towers_conflict.wav */; };
		A1656BB6D32835A8B1E38D39 /* TesseraWidget.appex in Embed Foundation Extensions */ = {isa = PBXBuildFile; fileRef = 00522217014CADB7AA3F5CBA /* TesseraWidget.appex */; settings = {ATTRIBUTES = (RemoveHeadersOnCopy, ); }; };
		A3C80C12944B68B102554B7E /* sfx_lightsout_darker.wav in Resources */ = {isa = PBXBuildFile; fileRef = 091A002588969DA5725E963F /* sfx_lightsout_darker.wav */; };
		A88628172EEE414793683535 /* TesseraReminders.m in Sources */ = {isa = PBXBuildFile; fileRef = E9393C3C1D287906F3CB9FF4 /* TesseraReminders.m */; };
		AA234A743259FBC8A98D859D /* sfx_ink_trail_solve.wav in Resources */ = {isa = PBXBuildFile; fileRef = C6A09C40ADE31CC2E6AAE983 /* sfx_ink_trail_solve.wav */; };
		B2428A9A0C395695EB461554 /* TesseraWidget.swift in Sources */ = {isa = PBXBuildFile; fileRef = 64198BE6DD4FBF7446D87F8D /* TesseraWidget.swift */; };
		BD26C04614B83E6C23D8EE1D /* sfx_chime_patron.wav in Resources */ = {isa = PBXBuildFile; fileRef = B7A92B754AD2B6C8E3BAF8C3 /* sfx_chime_patron.wav */; };
		BD94BB3E149A7EA6D5B47038 /* sfx_arukone_step.wav in Resources */ = {isa = PBXBuildFile; fileRef = BA0C9804E19654197006E5F2 /* sfx_arukone_step.wav */; };
		C69E9DA997F25CB0DA994111 /* sfx_bridges_island.wav in Resources */ = {isa = PBXBuildFile; fileRef = 28005D0291680A8B98B8E3A9 /* sfx_bridges_island.wav */; };
		C6D0609B1EEA1F4EC543E155 /* sfx_mirror_gem.wav in Resources */ = {isa = PBXBuildFile; fileRef = B4BCA7DF5DF9E2E4C048C218 /* sfx_mirror_gem.wav */; };
		C75E6ABE796EA53C84291540 /* sfx_fail.wav in Resources */ = {isa = PBXBuildFile; fileRef = 0BE463B4E3DBCB2D279BFC24 /* sfx_fail.wav */; };
		CCDD9D0F0FC88F7FDAA7B618 /* sfx_bloom_close.wav in Resources */ = {isa = PBXBuildFile; fileRef = C0D02C6443B34F16A94B898A /* sfx_bloom_close.wav */; };
		CF1E418E887E39CBBCC51615 /* sfx_chime_wind.wav in Resources */ = {isa = PBXBuildFile; fileRef = D6AB41301899245ADE02CE5D /* sfx_chime_wind.wav */; };
		D14419D1337840ACF62532D2 /* sfx_bloom_turn.wav in Resources */ = {isa = PBXBuildFile; fileRef = F6543F1051E5E411DAA5608C /* sfx_bloom_turn.wav */; };
		D898C04D9AB36BAF9C909DC8 /* sfx_chime_bell.wav in Resources */ = {isa = PBXBuildFile; fileRef = 3FE6A0613B2DC6E13E5639E0 /* sfx_chime_bell.wav */; };
		DCB180AE430739DA2276C2AD /* Foundation.framework in Frameworks */ = {isa = PBXBuildFile; fileRef = 07995C70D0C67EBB3294513F /* Foundation.framework */; };
		E0C7A0C4C46364B81D5E27E6 /* sfx_mosaic_solve.wav in Resources */ = {isa = PBXBuildFile; fileRef = C76C0CF785BB38F0FB435554 /* sfx_mosaic_solve.wav */; };
		E24E88A578DAA6A234DB9551 /* SwiftUI.framework in Frameworks */ = {isa = PBXBuildFile; fileRef = BC2AC78C831923A206D51A7B /* SwiftUI.framework */; };
		E32B288A57E5B905EA185645 /* sfx_towers_solve.wav in Resources */ = {isa = PBXBuildFile; fileRef = 6E4C97F0D249C82985E84986 /* sfx_towers_solve.wav */; };
		E6DEC47F2E183A18E4721154 /* sfx_mosaic_pickup.wav in Resources */ = {isa = PBXBuildFile; fileRef = A01F9B190BCC2BCFFA4A6D33 /* sfx_mosaic_pickup.wav */; };
		F524EFAE2A8C2F54DDD1AD7D /* sfx_ui_page.wav in Resources */ = {isa = PBXBuildFile; fileRef = 4C3AC5DAE3ED4BABAD67BC83 /* sfx_ui_page.wav */; };
/* End PBXBuildFile section */

/* Begin PBXContainerItemProxy section */
		4FB717E377ABC6E5E5B08B46 /* PBXContainerItemProxy */ = {
			isa = PBXContainerItemProxy;
			containerPortal = 83CBB9F71A601CBA00E9B192 /* Project object */;
			proxyType = 1;
			remoteGlobalIDString = 65EA2B4E83915526F94A4A22;
			remoteInfo = TesseraWidget;
		};
/* End PBXContainerItemProxy section */

/* Begin PBXCopyFilesBuildPhase section */
		51FC63E91A5A451900FB67EB /* Embed Foundation Extensions */ = {
			isa = PBXCopyFilesBuildPhase;
			buildActionMask = 2147483647;
			dstPath = "";
			dstSubfolderSpec = 13;
			files = (
				A1656BB6D32835A8B1E38D39 /* TesseraWidget.appex in Embed Foundation Extensions */,
			);
			name = "Embed Foundation Extensions";
			runOnlyForDeploymentPostprocessing = 0;
		};
/* End PBXCopyFilesBuildPhase section */

/* Begin PBXFileReference section */
		004E61D0AED9BE6563C58D22 /* sfx_target.wav */ = {isa = PBXFileReference; includeInIndex = 1; lastKnownFileType = audio.wav; name = sfx_target.wav; path = GravityInit/Sounds/sfx_target.wav; sourceTree = "<group>"; };
		00522217014CADB7AA3F5CBA /* TesseraWidget.appex */ = {isa = PBXFileReference; explicitFileType = "wrapper.app-extension"; includeInIndex = 0; path = TesseraWidget.appex; sourceTree = BUILT_PRODUCTS_DIR; };
		0163F917EB544A92C0B5B551 /* sfx_mosaic_place.wav */ = {isa = PBXFileReference; includeInIndex = 1; name = sfx_mosaic_place.wav; path = GravityInit/Sounds/sfx_mosaic_place.wav; sourceTree = "<group>"; };
		048199F4D37387C2224F7EDF /* Info.plist */ = {isa = PBXFileReference; includeInIndex = 1; lastKnownFileType = text.plist.xml; path = Info.plist; sourceTree = "<group>"; };
		07995C70D0C67EBB3294513F /* Foundation.framework */ = {isa = PBXFileReference; lastKnownFileType = wrapper.framework; name = Foundation.framework; path = Platforms/iPhoneOS.platform/Developer/SDKs/iPhoneOS26.0.sdk/System/Library/Frameworks/Foundation.framework; sourceTree = DEVELOPER_DIR; };
		091A002588969DA5725E963F /* sfx_lightsout_darker.wav */ = {isa = PBXFileReference; includeInIndex = 1; name = sfx_lightsout_darker.wav; path = GravityInit/Sounds/sfx_lightsout_darker.wav; sourceTree = "<group>"; };
		0A6212DBB44BEC00DD621749 /* sfx_ink_trail_contact.wav */ = {isa = PBXFileReference; includeInIndex = 1; lastKnownFileType = audio.wav; name = sfx_ink_trail_contact.wav; path = GravityInit/Sounds/sfx_ink_trail_contact.wav; sourceTree = "<group>"; };
		0BE463B4E3DBCB2D279BFC24 /* sfx_fail.wav */ = {isa = PBXFileReference; includeInIndex = 1; lastKnownFileType = audio.wav; name = sfx_fail.wav; path = GravityInit/Sounds/sfx_fail.wav; sourceTree = "<group>"; };
		13B07F961A680F5B00A75B9A /* GravityInit.app */ = {isa = PBXFileReference; explicitFileType = wrapper.application; includeInIndex = 0; path = GravityInit.app; sourceTree = BUILT_PRODUCTS_DIR; };
		13B07FB51A68108700A75B9A /* Images.xcassets */ = {isa = PBXFileReference; lastKnownFileType = folder.assetcatalog; name = Images.xcassets; path = GravityInit/Images.xcassets; sourceTree = "<group>"; };
		13B07FB61A68108700A75B9A /* Info.plist */ = {isa = PBXFileReference; fileEncoding = 4; lastKnownFileType = text.plist.xml; name = Info.plist; path = GravityInit/Info.plist; sourceTree = "<group>"; };
		13B07FB81A68108700A75B9A /* PrivacyInfo.xcprivacy */ = {isa = PBXFileReference; fileEncoding = 4; lastKnownFileType = text.plist.xml; name = PrivacyInfo.xcprivacy; path = GravityInit/PrivacyInfo.xcprivacy; sourceTree = "<group>"; };
		1673F406B9C979B4FCF41A58 /* sfx_chime_kalimba.wav */ = {isa = PBXFileReference; includeInIndex = 1; name = sfx_chime_kalimba.wav; path = GravityInit/Sounds/sfx_chime_kalimba.wav; sourceTree = "<group>"; };
		174889A22302B38C207CCBB5 /* sfx_bridges_build.wav */ = {isa = PBXFileReference; includeInIndex = 1; name = sfx_bridges_build.wav; path = GravityInit/Sounds/sfx_bridges_build.wav; sourceTree = "<group>"; };
		18785872A2254CCABF8FF6E3 /* sfx_towers_row_complete.wav */ = {isa = PBXFileReference; includeInIndex = 1; lastKnownFileType = audio.wav; name = sfx_towers_row_complete.wav; path = GravityInit/Sounds/sfx_towers_row_complete.wav; sourceTree = "<group>"; };
		18D648F25764C6A01DF64BC2 /* sfx_tents_plant.wav */ = {isa = PBXFileReference; includeInIndex = 1; lastKnownFileType = audio.wav; name = sfx_tents_plant.wav; path = GravityInit/Sounds/sfx_tents_plant.wav; sourceTree = "<group>"; };
		1E96CE94D4CB06168C226B9A /* sfx_tents_row_complete.wav */ = {isa = PBXFileReference; includeInIndex = 1; lastKnownFileType = audio.wav; name = sfx_tents_row_complete.wav; path = GravityInit/Sounds/sfx_tents_row_complete.wav; sourceTree = "<group>"; };
		28005D0291680A8B98B8E3A9 /* sfx_bridges_island.wav */ = {isa = PBXFileReference; includeInIndex = 1; name = sfx_bridges_island.wav; path = GravityInit/Sounds/sfx_bridges_island.wav; sourceTree = "<group>"; };
		2A484D05531918208DBC14CC /* sfx_adjacent_solve.wav */ = {isa = PBXFileReference; includeInIndex = 1; name = sfx_adjacent_solve.wav; path = GravityInit/Sounds/sfx_adjacent_solve.wav; sourceTree = "<group>"; };
		32D19525581619BCF5513724 /* WidgetKit.framework */ = {isa = PBXFileReference; lastKnownFileType = wrapper.framework; name = WidgetKit.framework; path = Platforms/iPhoneOS.platform/Developer/SDKs/iPhoneOS26.0.sdk/System/Library/Frameworks/WidgetKit.framework; sourceTree = DEVELOPER_DIR; };
		369F0C92F8C5839051C7486F /* sfx_mirror_solve.wav */ = {isa = PBXFileReference; includeInIndex = 1; lastKnownFileType = audio.wav; name = sfx_mirror_solve.wav; path = GravityInit/Sounds/sfx_mirror_solve.wav; sourceTree = "<group>"; };
		373318F8AFD9AF43B0FE7A5B /* sfx_bloom_solve.wav */ = {isa = PBXFileReference; includeInIndex = 1; name = sfx_bloom_solve.wav; path = GravityInit/Sounds/sfx_bloom_solve.wav; sourceTree = "<group>"; };
		3B4392A12AC88292D35C810B /* Pods-GravityInit.debug.xcconfig */ = {isa = PBXFileReference; includeInIndex = 1; lastKnownFileType = text.xcconfig; name = "Pods-GravityInit.debug.xcconfig"; path = "Target Support Files/Pods-GravityInit/Pods-GravityInit.debug.xcconfig"; sourceTree = "<group>"; };
		3B6A68F0B4555DC11A36A5E2 /* sfx_towers_place.wav */ = {isa = PBXFileReference; includeInIndex = 1; lastKnownFileType = audio.wav; name = sfx_towers_place.wav; path = GravityInit/Sounds/sfx_towers_place.wav; sourceTree = "<group>"; };
		3CB2D123973CEA10C7DA43BA /* sfx_fillapix_solve.wav */ = {isa = PBXFileReference; includeInIndex = 1; name = sfx_fillapix_solve.wav; path = GravityInit/Sounds/sfx_fillapix_solve.wav; sourceTree = "<group>"; };
		3FE6A0613B2DC6E13E5639E0 /* sfx_chime_bell.wav */ = {isa = PBXFileReference; includeInIndex = 1; name = sfx_chime_bell.wav; path = GravityInit/Sounds/sfx_chime_bell.wav; sourceTree = "<group>"; };
		4C3AC5DAE3ED4BABAD67BC83 /* sfx_ui_page.wav */ = {isa = PBXFileReference; includeInIndex = 1; name = sfx_ui_page.wav; path = GravityInit/Sounds/sfx_ui_page.wav; sourceTree = "<group>"; };
		5709B34CF0A7D63546082F79 /* Pods-GravityInit.release.xcconfig */ = {isa = PBXFileReference; includeInIndex = 1; lastKnownFileType = text.xcconfig; name = "Pods-GravityInit.release.xcconfig"; path = "Target Support Files/Pods-GravityInit/Pods-GravityInit.release.xcconfig"; sourceTree = "<group>"; };
		5DCACB8F33CDC322A6C60F78 /* libPods-GravityInit.a */ = {isa = PBXFileReference; explicitFileType = archive.ar; includeInIndex = 0; path = "libPods-GravityInit.a"; sourceTree = BUILT_PRODUCTS_DIR; };
		64198BE6DD4FBF7446D87F8D /* TesseraWidget.swift */ = {isa = PBXFileReference; includeInIndex = 1; lastKnownFileType = sourcecode.swift; path = TesseraWidget.swift; sourceTree = "<group>"; };
		64406E1A073E9C3E3F54E9CB /* sfx_binairo_toggle.wav */ = {isa = PBXFileReference; includeInIndex = 1; lastKnownFileType = audio.wav; name = sfx_binairo_toggle.wav; path = GravityInit/Sounds/sfx_binairo_toggle.wav; sourceTree = "<group>"; };
		65430377FBC6EE8689AE8559 /* daily-schedule.json */ = {isa = PBXFileReference; includeInIndex = 1; path = "daily-schedule.json"; sourceTree = "<group>"; };
		6E4C97F0D249C82985E84986 /* sfx_towers_solve.wav */ = {isa = PBXFileReference; includeInIndex = 1; lastKnownFileType = audio.wav; name = sfx_towers_solve.wav; path = GravityInit/Sounds/sfx_towers_solve.wav; sourceTree = "<group>"; };
		6E798D4D25AEC083F94F8AEE /* sfx_bridges_remove.wav */ = {isa = PBXFileReference; includeInIndex = 1; name = sfx_bridges_remove.wav; path = GravityInit/Sounds/sfx_bridges_remove.wav; sourceTree = "<group>"; };
		761780EC2CA45674006654EE /* AppDelegate.swift */ = {isa = PBXFileReference; lastKnownFileType = sourcecode.swift; name = AppDelegate.swift; path = GravityInit/AppDelegate.swift; sourceTree = "<group>"; };
		785338A184AD1261F2B73230 /* sfx_adjacent_combo.wav */ = {isa = PBXFileReference; includeInIndex = 1; name = sfx_adjacent_combo.wav; path = GravityInit/Sounds/sfx_adjacent_combo.wav; sourceTree = "<group>"; };
		7B3595B6FFAA228631CEB615 /* sfx_fillapix_toggle.wav */ = {isa = PBXFileReference; includeInIndex = 1; name = sfx_fillapix_toggle.wav; path = GravityInit/Sounds/sfx_fillapix_toggle.wav; sourceTree = "<group>"; };
		81AB9BB72411601600AC10FF /* LaunchScreen.storyboard */ = {isa = PBXFileReference; fileEncoding = 4; lastKnownFileType = file.storyboard; name = LaunchScreen.storyboard; path = GravityInit/LaunchScreen.storyboard; sourceTree = "<group>"; };
		81B6A7CD078CA1E09335C233 /* sfx_mirror_place.wav */ = {isa = PBXFileReference; includeInIndex = 1; lastKnownFileType = audio.wav; name = sfx_mirror_place.wav; path = GravityInit/Sounds/sfx_mirror_place.wav; sourceTree = "<group>"; };
		82C8FD3C1722BA279244080C /* sfx_move.wav */ = {isa = PBXFileReference; includeInIndex = 1; lastKnownFileType = audio.wav; name = sfx_move.wav; path = GravityInit/Sounds/sfx_move.wav; sourceTree = "<group>"; };
		8CBFE152EECF1CE38AE30EDE /* sfx_lightsout_tap.wav */ = {isa = PBXFileReference; includeInIndex = 1; name = sfx_lightsout_tap.wav; path = GravityInit/Sounds/sfx_lightsout_tap.wav; sourceTree = "<group>"; };
		8FBDDD8FC6DB55B74D342F2F /* sfx_binairo_row_balance.wav */ = {isa = PBXFileReference; includeInIndex = 1; lastKnownFileType = audio.wav; name = sfx_binairo_row_balance.wav; path = GravityInit/Sounds/sfx_binairo_row_balance.wav; sourceTree = "<group>"; };
		92DD3365B4D262FC5B9413FB /* sfx_mosaic_return.wav */ = {isa = PBXFileReference; includeInIndex = 1; name = sfx_mosaic_return.wav; path = GravityInit/Sounds/sfx_mosaic_return.wav; sourceTree = "<group>"; };
		99E3439AE38D96E62E4138FC /* sfx_adjacent_pop.wav */ = {isa = PBXFileReference; includeInIndex = 1; name = sfx_adjacent_pop.wav; path = GravityInit/Sounds/sfx_adjacent_pop.wav; sourceTree = "<group>"; };
		9C0D9F01714DCB0BFDA7F9FB /* sfx_tents_solve.wav */ = {isa = PBXFileReference; includeInIndex = 1; lastKnownFileType = audio.wav; name = sfx_tents_solve.wav; path = GravityInit/Sounds/sfx_tents_solve.wav; sourceTree = "<group>"; };
		9C6655CF4B72BD8067173D76 /* TesseraWidgetReloader.swift */ = {isa = PBXFileReference; includeInIndex = 1; lastKnownFileType = sourcecode.swift; name = TesseraWidgetReloader.swift; path = GravityInit/TesseraWidgetReloader.swift; sourceTree = "<group>"; };
		9EF4F30E6CCB820AA0E73F82 /* sfx_towers_conflict.wav */ = {isa = PBXFileReference; includeInIndex = 1; lastKnownFileType = audio.wav; name = sfx_towers_conflict.wav; path = GravityInit/Sounds/sfx_towers_conflict.wav; sourceTree = "<group>"; };
		A01F9B190BCC2BCFFA4A6D33 /* sfx_mosaic_pickup.wav */ = {isa = PBXFileReference; includeInIndex = 1; name = sfx_mosaic_pickup.wav; path = GravityInit/Sounds/sfx_mosaic_pickup.wav; sourceTree = "<group>"; };
		A403FE84681547EF6403E82E /* sfx_fillapix_clue.wav */ = {isa = PBXFileReference; includeInIndex = 1; name = sfx_fillapix_clue.wav; path = GravityInit/Sounds/sfx_fillapix_clue.wav; sourceTree = "<group>"; };
		A4DBD945DD03D910EEC12653 /* sfx_lightsout_solve.wav */ = {isa = PBXFileReference; includeInIndex = 1; name = sfx_lightsout_solve.wav; path = GravityInit/Sounds/sfx_lightsout_solve.wav; sourceTree = "<group>"; };
		A5113CF583C61462CFEBAD35 /* sfx_bridges_blocked.wav */ = {isa = PBXFileReference; includeInIndex = 1; name = sfx_bridges_blocked.wav; path = GravityInit/Sounds/sfx_bridges_blocked.wav; sourceTree = "<group>"; };
		A6771E312736404BD2FD70EE /* sfx_tap.wav */ = {isa = PBXFileReference; includeInIndex = 1; lastKnownFileType = audio.wav; name = sfx_tap.wav; path = GravityInit/Sounds/sfx_tap.wav; sourceTree = "<group>"; };
		B4BCA7DF5DF9E2E4C048C218 /* sfx_mirror_gem.wav */ = {isa = PBXFileReference; includeInIndex = 1; lastKnownFileType = audio.wav; name = sfx_mirror_gem.wav; path = GravityInit/Sounds/sfx_mirror_gem.wav; sourceTree = "<group>"; };
		B4EE1D3E6C53746442CB35B9 /* sfx_arukone_solve.wav */ = {isa = PBXFileReference; includeInIndex = 1; name = sfx_arukone_solve.wav; path = GravityInit/Sounds/sfx_arukone_solve.wav; sourceTree = "<group>"; };
		B7A92B754AD2B6C8E3BAF8C3 /* sfx_chime_patron.wav */ = {isa = PBXFileReference; includeInIndex = 1; name = sfx_chime_patron.wav; path = GravityInit/Sounds/sfx_chime_patron.wav; sourceTree = "<group>"; };
		BA0C9804E19654197006E5F2 /* sfx_arukone_step.wav */ = {isa = PBXFileReference; includeInIndex = 1; name = sfx_arukone_step.wav; path = GravityInit/Sounds/sfx_arukone_step.wav; sourceTree = "<group>"; };
		BC2AC78C831923A206D51A7B /* SwiftUI.framework */ = {isa = PBXFileReference; lastKnownFileType = wrapper.framework; name = SwiftUI.framework; path = Platforms/iPhoneOS.platform/Developer/SDKs/iPhoneOS26.0.sdk/System/Library/Frameworks/SwiftUI.framework; sourceTree = DEVELOPER_DIR; };
		BF4A64503A5344D1F60D5457 /* sfx_step.wav */ = {isa = PBXFileReference; includeInIndex = 1; lastKnownFileType = audio.wav; name = sfx_step.wav; path = GravityInit/Sounds/sfx_step.wav; sourceTree = "<group>"; };
		BFAAE301FFA1BC61BD53DC70 /* sfx_solve.wav */ = {isa = PBXFileReference; includeInIndex = 1; lastKnownFileType = audio.wav; name = sfx_solve.wav; path = GravityInit/Sounds/sfx_solve.wav; sourceTree = "<group>"; };
		C0D02C6443B34F16A94B898A /* sfx_bloom_close.wav */ = {isa = PBXFileReference; includeInIndex = 1; name = sfx_bloom_close.wav; path = GravityInit/Sounds/sfx_bloom_close.wav; sourceTree = "<group>"; };
		C2CD9879DB1D9ECEBF008AE7 /* sfx_arukone_join.wav */ = {isa = PBXFileReference; includeInIndex = 1; name = sfx_arukone_join.wav; path = GravityInit/Sounds/sfx_arukone_join.wav; sourceTree = "<group>"; };
		C6A09C40ADE31CC2E6AAE983 /* sfx_ink_trail_solve.wav */ = {isa = PBXFileReference; includeInIndex = 1; lastKnownFileType = audio.wav; name = sfx_ink_trail_solve.wav; path = GravityInit/Sounds/sfx_ink_trail_solve.wav; sourceTree = "<group>"; };
		C76C0CF785BB38F0FB435554 /* sfx_mosaic_solve.wav */ = {isa = PBXFileReference; includeInIndex = 1; name = sfx_mosaic_solve.wav; path = GravityInit/Sounds/sfx_mosaic_solve.wav; sourceTree = "<group>"; };
		C7F3E5F74E047E8B43F83A49 /* music_almanac.m4a */ = {isa = PBXFileReference; includeInIndex = 1; name = music_almanac.m4a; path = GravityInit/Sounds/music_almanac.m4a; sourceTree = "<group>"; };
		D6AB41301899245ADE02CE5D /* sfx_chime_wind.wav */ = {isa = PBXFileReference; includeInIndex = 1; name = sfx_chime_wind.wav; path = GravityInit/Sounds/sfx_chime_wind.wav; sourceTree = "<group>"; };
		D9BBB737A0FEDF8A0EE4FB01 /* sfx_tents_error.wav */ = {isa = PBXFileReference; includeInIndex = 1; lastKnownFileType = audio.wav; name = sfx_tents_error.wav; path = GravityInit/Sounds/sfx_tents_error.wav; sourceTree = "<group>"; };
		E2CA00CBA0A26EE543BF18E1 /* sfx_coin.wav */ = {isa = PBXFileReference; includeInIndex = 1; name = sfx_coin.wav; path = GravityInit/Sounds/sfx_coin.wav; sourceTree = "<group>"; };
		E9393C3C1D287906F3CB9FF4 /* TesseraReminders.m */ = {isa = PBXFileReference; includeInIndex = 1; lastKnownFileType = sourcecode.c.objc; name = TesseraReminders.m; path = GravityInit/TesseraReminders.m; sourceTree = "<group>"; };
		ED297162215061F000B7C4FE /* JavaScriptCore.framework */ = {isa = PBXFileReference; lastKnownFileType = wrapper.framework; name = JavaScriptCore.framework; path = System/Library/Frameworks/JavaScriptCore.framework; sourceTree = SDKROOT; };
		F002F5190C506BAACACE55E8 /* sfx_bridges_solve.wav */ = {isa = PBXFileReference; includeInIndex = 1; name = sfx_bridges_solve.wav; path = GravityInit/Sounds/sfx_bridges_solve.wav; sourceTree = "<group>"; };
		F22E9895B032E02CF9D3E44D /* sfx_chime_harp.wav */ = {isa = PBXFileReference; includeInIndex = 1; name = sfx_chime_harp.wav; path = GravityInit/Sounds/sfx_chime_harp.wav; sourceTree = "<group>"; };
		F25C9EB17D355773E3E3AEB1 /* TesseraWidgetBridge.m */ = {isa = PBXFileReference; includeInIndex = 1; lastKnownFileType = sourcecode.c.objc; name = TesseraWidgetBridge.m; path = GravityInit/TesseraWidgetBridge.m; sourceTree = "<group>"; };
		F317E282D8AEEA9FDD698D15 /* sfx_binairo_solve.wav */ = {isa = PBXFileReference; includeInIndex = 1; lastKnownFileType = audio.wav; name = sfx_binairo_solve.wav; path = GravityInit/Sounds/sfx_binairo_solve.wav; sourceTree = "<group>"; };
		F6543F1051E5E411DAA5608C /* sfx_bloom_turn.wav */ = {isa = PBXFileReference; includeInIndex = 1; name = sfx_bloom_turn.wav; path = GravityInit/Sounds/sfx_bloom_turn.wav; sourceTree = "<group>"; };
		FC23D3BF292257E5217ACC95 /* sfx_binairo_error.wav */ = {isa = PBXFileReference; includeInIndex = 1; lastKnownFileType = audio.wav; name = sfx_binairo_error.wav; path = GravityInit/Sounds/sfx_binairo_error.wav; sourceTree = "<group>"; };
		FFB72BD55F48513A7EA28641 /* sfx_arukone_reject.wav */ = {isa = PBXFileReference; includeInIndex = 1; name = sfx_arukone_reject.wav; path = GravityInit/Sounds/sfx_arukone_reject.wav; sourceTree = "<group>"; };
/* End PBXFileReference section */

/* Begin PBXFrameworksBuildPhase section */
		11A58843261E5B1781508283 /* Frameworks */ = {
			isa = PBXFrameworksBuildPhase;
			buildActionMask = 2147483647;
			files = (
				DCB180AE430739DA2276C2AD /* Foundation.framework in Frameworks */,
				7343BF0BCA5795F26837C68C /* WidgetKit.framework in Frameworks */,
				E24E88A578DAA6A234DB9551 /* SwiftUI.framework in Frameworks */,
			);
			runOnlyForDeploymentPostprocessing = 0;
		};
		13B07F8C1A680F5B00A75B9A /* Frameworks */ = {
			isa = PBXFrameworksBuildPhase;
			buildActionMask = 2147483647;
			files = (
				0C80B921A6F3F58F76C31292 /* libPods-GravityInit.a in Frameworks */,
			);
			runOnlyForDeploymentPostprocessing = 0;
		};
/* End PBXFrameworksBuildPhase section */

/* Begin PBXGroup section */
		13B07FAE1A68108700A75B9A /* GravityInit */ = {
			isa = PBXGroup;
			children = (
				13B07FB51A68108700A75B9A /* Images.xcassets */,
				761780EC2CA45674006654EE /* AppDelegate.swift */,
				13B07FB61A68108700A75B9A /* Info.plist */,
				81AB9BB72411601600AC10FF /* LaunchScreen.storyboard */,
				13B07FB81A68108700A75B9A /* PrivacyInfo.xcprivacy */,
				FEEF680F4D9F8C9D2BFDDC87 /* Sounds */,
				E9393C3C1D287906F3CB9FF4 /* TesseraReminders.m */,
				F25C9EB17D355773E3E3AEB1 /* TesseraWidgetBridge.m */,
				9C6655CF4B72BD8067173D76 /* TesseraWidgetReloader.swift */,
			);
			name = GravityInit;
			sourceTree = "<group>";
		};
		2D16E6871FA4F8E400B85C8A /* Frameworks */ = {
			isa = PBXGroup;
			children = (
				ED297162215061F000B7C4FE /* JavaScriptCore.framework */,
				5DCACB8F33CDC322A6C60F78 /* libPods-GravityInit.a */,
				E3EB1D8CC1E40DD3BEEE4F97 /* iOS */,
			);
			name = Frameworks;
			sourceTree = "<group>";
		};
		5C5B55311345EBA180F3B8F8 /* TesseraWidget */ = {
			isa = PBXGroup;
			children = (
				64198BE6DD4FBF7446D87F8D /* TesseraWidget.swift */,
				65430377FBC6EE8689AE8559 /* daily-schedule.json */,
				048199F4D37387C2224F7EDF /* Info.plist */,
			);
			name = TesseraWidget;
			path = TesseraWidget;
			sourceTree = "<group>";
		};
		832341AE1AAA6A7D00B99B32 /* Libraries */ = {
			isa = PBXGroup;
			children = (
			);
			name = Libraries;
			sourceTree = "<group>";
		};
		83CBB9F61A601CBA00E9B192 = {
			isa = PBXGroup;
			children = (
				13B07FAE1A68108700A75B9A /* GravityInit */,
				832341AE1AAA6A7D00B99B32 /* Libraries */,
				83CBBA001A601CBA00E9B192 /* Products */,
				2D16E6871FA4F8E400B85C8A /* Frameworks */,
				BBD78D7AC51CEA395F1C20DB /* Pods */,
				5C5B55311345EBA180F3B8F8 /* TesseraWidget */,
			);
			indentWidth = 2;
			sourceTree = "<group>";
			tabWidth = 2;
			usesTabs = 0;
		};
		83CBBA001A601CBA00E9B192 /* Products */ = {
			isa = PBXGroup;
			children = (
				13B07F961A680F5B00A75B9A /* GravityInit.app */,
				00522217014CADB7AA3F5CBA /* TesseraWidget.appex */,
			);
			name = Products;
			sourceTree = "<group>";
		};
		BBD78D7AC51CEA395F1C20DB /* Pods */ = {
			isa = PBXGroup;
			children = (
				3B4392A12AC88292D35C810B /* Pods-GravityInit.debug.xcconfig */,
				5709B34CF0A7D63546082F79 /* Pods-GravityInit.release.xcconfig */,
			);
			path = Pods;
			sourceTree = "<group>";
		};
		E3EB1D8CC1E40DD3BEEE4F97 /* iOS */ = {
			isa = PBXGroup;
			children = (
				07995C70D0C67EBB3294513F /* Foundation.framework */,
				32D19525581619BCF5513724 /* WidgetKit.framework */,
				BC2AC78C831923A206D51A7B /* SwiftUI.framework */,
			);
			name = iOS;
			sourceTree = "<group>";
		};
		FEEF680F4D9F8C9D2BFDDC87 /* Sounds */ = {
			isa = PBXGroup;
			children = (
				0BE463B4E3DBCB2D279BFC24 /* sfx_fail.wav */,
				82C8FD3C1722BA279244080C /* sfx_move.wav */,
				BFAAE301FFA1BC61BD53DC70 /* sfx_solve.wav */,
				BF4A64503A5344D1F60D5457 /* sfx_step.wav */,
				A6771E312736404BD2FD70EE /* sfx_tap.wav */,
				004E61D0AED9BE6563C58D22 /* sfx_target.wav */,
				B4BCA7DF5DF9E2E4C048C218 /* sfx_mirror_gem.wav */,
				81B6A7CD078CA1E09335C233 /* sfx_mirror_place.wav */,
				369F0C92F8C5839051C7486F /* sfx_mirror_solve.wav */,
				9EF4F30E6CCB820AA0E73F82 /* sfx_towers_conflict.wav */,
				3B6A68F0B4555DC11A36A5E2 /* sfx_towers_place.wav */,
				18785872A2254CCABF8FF6E3 /* sfx_towers_row_complete.wav */,
				6E4C97F0D249C82985E84986 /* sfx_towers_solve.wav */,
				FC23D3BF292257E5217ACC95 /* sfx_binairo_error.wav */,
				8FBDDD8FC6DB55B74D342F2F /* sfx_binairo_row_balance.wav */,
				F317E282D8AEEA9FDD698D15 /* sfx_binairo_solve.wav */,
				64406E1A073E9C3E3F54E9CB /* sfx_binairo_toggle.wav */,
				D9BBB737A0FEDF8A0EE4FB01 /* sfx_tents_error.wav */,
				18D648F25764C6A01DF64BC2 /* sfx_tents_plant.wav */,
				1E96CE94D4CB06168C226B9A /* sfx_tents_row_complete.wav */,
				9C0D9F01714DCB0BFDA7F9FB /* sfx_tents_solve.wav */,
				0A6212DBB44BEC00DD621749 /* sfx_ink_trail_contact.wav */,
				C6A09C40ADE31CC2E6AAE983 /* sfx_ink_trail_solve.wav */,
				C2CD9879DB1D9ECEBF008AE7 /* sfx_arukone_join.wav */,
				FFB72BD55F48513A7EA28641 /* sfx_arukone_reject.wav */,
				B4EE1D3E6C53746442CB35B9 /* sfx_arukone_solve.wav */,
				BA0C9804E19654197006E5F2 /* sfx_arukone_step.wav */,
				A403FE84681547EF6403E82E /* sfx_fillapix_clue.wav */,
				3CB2D123973CEA10C7DA43BA /* sfx_fillapix_solve.wav */,
				7B3595B6FFAA228631CEB615 /* sfx_fillapix_toggle.wav */,
				091A002588969DA5725E963F /* sfx_lightsout_darker.wav */,
				A4DBD945DD03D910EEC12653 /* sfx_lightsout_solve.wav */,
				8CBFE152EECF1CE38AE30EDE /* sfx_lightsout_tap.wav */,
				785338A184AD1261F2B73230 /* sfx_adjacent_combo.wav */,
				99E3439AE38D96E62E4138FC /* sfx_adjacent_pop.wav */,
				2A484D05531918208DBC14CC /* sfx_adjacent_solve.wav */,
				C0D02C6443B34F16A94B898A /* sfx_bloom_close.wav */,
				373318F8AFD9AF43B0FE7A5B /* sfx_bloom_solve.wav */,
				F6543F1051E5E411DAA5608C /* sfx_bloom_turn.wav */,
				A5113CF583C61462CFEBAD35 /* sfx_bridges_blocked.wav */,
				174889A22302B38C207CCBB5 /* sfx_bridges_build.wav */,
				28005D0291680A8B98B8E3A9 /* sfx_bridges_island.wav */,
				6E798D4D25AEC083F94F8AEE /* sfx_bridges_remove.wav */,
				F002F5190C506BAACACE55E8 /* sfx_bridges_solve.wav */,
				A01F9B190BCC2BCFFA4A6D33 /* sfx_mosaic_pickup.wav */,
				0163F917EB544A92C0B5B551 /* sfx_mosaic_place.wav */,
				92DD3365B4D262FC5B9413FB /* sfx_mosaic_return.wav */,
				C76C0CF785BB38F0FB435554 /* sfx_mosaic_solve.wav */,
				E2CA00CBA0A26EE543BF18E1 /* sfx_coin.wav */,
				4C3AC5DAE3ED4BABAD67BC83 /* sfx_ui_page.wav */,
				3FE6A0613B2DC6E13E5639E0 /* sfx_chime_bell.wav */,
				F22E9895B032E02CF9D3E44D /* sfx_chime_harp.wav */,
				1673F406B9C979B4FCF41A58 /* sfx_chime_kalimba.wav */,
				D6AB41301899245ADE02CE5D /* sfx_chime_wind.wav */,
				B7A92B754AD2B6C8E3BAF8C3 /* sfx_chime_patron.wav */,
				C7F3E5F74E047E8B43F83A49 /* music_almanac.m4a */,
			);
			name = Sounds;
			sourceTree = "<group>";
		};
/* End PBXGroup section */

/* Begin PBXNativeTarget section */
		13B07F861A680F5B00A75B9A /* GravityInit */ = {
			isa = PBXNativeTarget;
			buildConfigurationList = 13B07F931A680F5B00A75B9A /* Build configuration list for PBXNativeTarget "GravityInit" */;
			buildPhases = (
				C38B50BA6285516D6DCD4F65 /* [CP] Check Pods Manifest.lock */,
				13B07F871A680F5B00A75B9A /* Sources */,
				13B07F8C1A680F5B00A75B9A /* Frameworks */,
				13B07F8E1A680F5B00A75B9A /* Resources */,
				00DD1BFF1BD5951E006B06BC /* Bundle React Native code and images */,
				00EEFC60759A1932668264C0 /* [CP] Embed Pods Frameworks */,
				E235C05ADACE081382539298 /* [CP] Copy Pods Resources */,
				51FC63E91A5A451900FB67EB /* Embed Foundation Extensions */,
				C79EAC95EAD15E054712ADAD /* [CP-User] [RNGoogleMobileAds] Configuration */,
			);
			buildRules = (
			);
			dependencies = (
				A4732391BEEA5704FA86A63C /* PBXTargetDependency */,
			);
			name = GravityInit;
			productName = GravityInit;
			productReference = 13B07F961A680F5B00A75B9A /* GravityInit.app */;
			productType = "com.apple.product-type.application";
		};
		65EA2B4E83915526F94A4A22 /* TesseraWidget */ = {
			isa = PBXNativeTarget;
			buildConfigurationList = C59D542CAA7701CD40ED36DA /* Build configuration list for PBXNativeTarget "TesseraWidget" */;
			buildPhases = (
				99575722CC4AA655DAFCF7A6 /* Sources */,
				11A58843261E5B1781508283 /* Frameworks */,
				B4685C49B68C8FEBF23031DD /* Resources */,
			);
			buildRules = (
			);
			dependencies = (
			);
			name = TesseraWidget;
			productName = TesseraWidget;
			productReference = 00522217014CADB7AA3F5CBA /* TesseraWidget.appex */;
			productType = "com.apple.product-type.app-extension";
		};
/* End PBXNativeTarget section */

/* Begin PBXProject section */
		83CBB9F71A601CBA00E9B192 /* Project object */ = {
			isa = PBXProject;
			attributes = {
				LastUpgradeCheck = 1210;
				TargetAttributes = {
					13B07F861A680F5B00A75B9A = {
						LastSwiftMigration = 1120;
					};
				};
			};
			buildConfigurationList = 83CBB9FA1A601CBA00E9B192 /* Build configuration list for PBXProject "GravityInit" */;
			compatibilityVersion = "Xcode 12.0";
			developmentRegion = en;
			hasScannedForEncodings = 0;
			knownRegions = (
				en,
				Base,
			);
			mainGroup = 83CBB9F61A601CBA00E9B192;
			productRefGroup = 83CBBA001A601CBA00E9B192 /* Products */;
			projectDirPath = "";
			projectRoot = "";
			targets = (
				13B07F861A680F5B00A75B9A /* GravityInit */,
				65EA2B4E83915526F94A4A22 /* TesseraWidget */,
			);
		};
/* End PBXProject section */

/* Begin PBXResourcesBuildPhase section */
		13B07F8E1A680F5B00A75B9A /* Resources */ = {
			isa = PBXResourcesBuildPhase;
			buildActionMask = 2147483647;
			files = (
				81AB9BB82411601600AC10FF /* LaunchScreen.storyboard in Resources */,
				13B07FBF1A68108700A75B9A /* Images.xcassets in Resources */,
				C75E6ABE796EA53C84291540 /* sfx_fail.wav in Resources */,
				139D034796C454514FD4461C /* sfx_move.wav in Resources */,
				61A6BA45885343E196301354 /* sfx_solve.wav in Resources */,
				8DA680DF67209FEDA9F39F4A /* sfx_step.wav in Resources */,
				33C63563EF50ABAC3B3057C4 /* sfx_tap.wav in Resources */,
				0B412B3721CBFD813FA426DA /* sfx_target.wav in Resources */,
				5C4826ED02A3F535DAFFA2CF /* PrivacyInfo.xcprivacy in Resources */,
				C6D0609B1EEA1F4EC543E155 /* sfx_mirror_gem.wav in Resources */,
				3B9DFF08DD9B530E577575F3 /* sfx_mirror_place.wav in Resources */,
				766697C60B96947080FF03C7 /* sfx_mirror_solve.wav in Resources */,
				9F5469FC6DB931CB042985F5 /* sfx_towers_conflict.wav in Resources */,
				185A9A8EA8F7DCD06461B506 /* sfx_towers_place.wav in Resources */,
				796B970C79EBD518885D9957 /* sfx_towers_row_complete.wav in Resources */,
				E32B288A57E5B905EA185645 /* sfx_towers_solve.wav in Resources */,
				6EE4BBC59B4547653F6B6999 /* sfx_binairo_error.wav in Resources */,
				657D61A956941BABBFFDCEE6 /* sfx_binairo_row_balance.wav in Resources */,
				103E266DC96111ECDC638735 /* sfx_binairo_solve.wav in Resources */,
				7CED867168456542ED382E39 /* sfx_binairo_toggle.wav in Resources */,
				4EC4FDB738B9E61670F21C45 /* sfx_tents_error.wav in Resources */,
				7704181FF0AD2DDAB0646744 /* sfx_tents_plant.wav in Resources */,
				3CA70813EB5D2FDB2D437AF7 /* sfx_tents_row_complete.wav in Resources */,
				778C9DC89E178AE69F21559B /* sfx_tents_solve.wav in Resources */,
				538EA4387E502E3B2269EC1F /* sfx_ink_trail_contact.wav in Resources */,
				AA234A743259FBC8A98D859D /* sfx_ink_trail_solve.wav in Resources */,
				4E45E3ABBF09147574E45CAA /* sfx_arukone_join.wav in Resources */,
				0C7C1669BDB2E97747AD659C /* sfx_arukone_reject.wav in Resources */,
				30613CE76671F062A423CFD5 /* sfx_arukone_solve.wav in Resources */,
				BD94BB3E149A7EA6D5B47038 /* sfx_arukone_step.wav in Resources */,
				39101E0ADD9FE68FA5BEF2A0 /* sfx_fillapix_clue.wav in Resources */,
				3C36AFFD3CB1594066DC76B7 /* sfx_fillapix_solve.wav in Resources */,
				686DED3FD3CD35DC05B9B2E0 /* sfx_fillapix_toggle.wav in Resources */,
				A3C80C12944B68B102554B7E /* sfx_lightsout_darker.wav in Resources */,
				6C3831620F8AE6B073B174E0 /* sfx_lightsout_solve.wav in Resources */,
				8F7E1CD7A95EA22DF6F9CAAE /* sfx_lightsout_tap.wav in Resources */,
				2196A53AC9BBB734BED91625 /* sfx_adjacent_combo.wav in Resources */,
				7C8A23D33E18F0E823E5EE08 /* sfx_adjacent_pop.wav in Resources */,
				81C7516F3DF5BD2158A14B2F /* sfx_adjacent_solve.wav in Resources */,
				CCDD9D0F0FC88F7FDAA7B618 /* sfx_bloom_close.wav in Resources */,
				3ED44C89C2D6166C8C4C2B7B /* sfx_bloom_solve.wav in Resources */,
				D14419D1337840ACF62532D2 /* sfx_bloom_turn.wav in Resources */,
				371F858E092CA53ABAE50BBC /* sfx_bridges_blocked.wav in Resources */,
				1210564D9271BA2284DC905A /* sfx_bridges_build.wav in Resources */,
				C69E9DA997F25CB0DA994111 /* sfx_bridges_island.wav in Resources */,
				6E7E904FF5E100B2BCDCC2A3 /* sfx_bridges_remove.wav in Resources */,
				1A0892635B3F298EA23EBB18 /* sfx_bridges_solve.wav in Resources */,
				E6DEC47F2E183A18E4721154 /* sfx_mosaic_pickup.wav in Resources */,
				61C675E24328CFC3B8B1EF78 /* sfx_mosaic_place.wav in Resources */,
				57D355D19F4E80F6F370981D /* sfx_mosaic_return.wav in Resources */,
				E0C7A0C4C46364B81D5E27E6 /* sfx_mosaic_solve.wav in Resources */,
				12B09D86EE9787F5F822CA1E /* sfx_coin.wav in Resources */,
				F524EFAE2A8C2F54DDD1AD7D /* sfx_ui_page.wav in Resources */,
				D898C04D9AB36BAF9C909DC8 /* sfx_chime_bell.wav in Resources */,
				49BA63A169391742B8AA8B8F /* sfx_chime_harp.wav in Resources */,
				3D9FDED5EC21D0D92409D262 /* sfx_chime_kalimba.wav in Resources */,
				CF1E418E887E39CBBCC51615 /* sfx_chime_wind.wav in Resources */,
				BD26C04614B83E6C23D8EE1D /* sfx_chime_patron.wav in Resources */,
				0B5E4A149C729A0B712CD550 /* music_almanac.m4a in Resources */,
			);
			runOnlyForDeploymentPostprocessing = 0;
		};
		B4685C49B68C8FEBF23031DD /* Resources */ = {
			isa = PBXResourcesBuildPhase;
			buildActionMask = 2147483647;
			files = (
				7433DA2B708E1731899D72DE /* daily-schedule.json in Resources */,
			);
			runOnlyForDeploymentPostprocessing = 0;
		};
/* End PBXResourcesBuildPhase section */

/* Begin PBXShellScriptBuildPhase section */
		00DD1BFF1BD5951E006B06BC /* Bundle React Native code and images */ = {
			isa = PBXShellScriptBuildPhase;
			buildActionMask = 2147483647;
			files = (
			);
			inputPaths = (
				"$(SRCROOT)/.xcode.env.local",
				"$(SRCROOT)/.xcode.env",
			);
			name = "Bundle React Native code and images";
			outputPaths = (
			);
			runOnlyForDeploymentPostprocessing = 0;
			shellPath = /bin/sh;
			shellScript = "set -e\n\nWITH_ENVIRONMENT=\"$REACT_NATIVE_PATH/scripts/xcode/with-environment.sh\"\nREACT_NATIVE_XCODE=\"$REACT_NATIVE_PATH/scripts/react-native-xcode.sh\"\n\n/bin/sh -c \"\\\"$WITH_ENVIRONMENT\\\" \\\"$REACT_NATIVE_XCODE\\\"\"\n";
		};
		00EEFC60759A1932668264C0 /* [CP] Embed Pods Frameworks */ = {
			isa = PBXShellScriptBuildPhase;
			buildActionMask = 2147483647;
			files = (
			);
			inputFileListPaths = (
				"${PODS_ROOT}/Target Support Files/Pods-GravityInit/Pods-GravityInit-frameworks-${CONFIGURATION}-input-files.xcfilelist",
			);
			name = "[CP] Embed Pods Frameworks";
			outputFileListPaths = (
				"${PODS_ROOT}/Target Support Files/Pods-GravityInit/Pods-GravityInit-frameworks-${CONFIGURATION}-output-files.xcfilelist",
			);
			runOnlyForDeploymentPostprocessing = 0;
			shellPath = /bin/sh;
			shellScript = "\"${PODS_ROOT}/Target Support Files/Pods-GravityInit/Pods-GravityInit-frameworks.sh\"\n";
			showEnvVarsInLog = 0;
		};
		C38B50BA6285516D6DCD4F65 /* [CP] Check Pods Manifest.lock */ = {
			isa = PBXShellScriptBuildPhase;
			buildActionMask = 2147483647;
			files = (
			);
			inputFileListPaths = (
			);
			inputPaths = (
				"${PODS_PODFILE_DIR_PATH}/Podfile.lock",
				"${PODS_ROOT}/Manifest.lock",
			);
			name = "[CP] Check Pods Manifest.lock";
			outputFileListPaths = (
			);
			outputPaths = (
				"$(DERIVED_FILE_DIR)/Pods-GravityInit-checkManifestLockResult.txt",
			);
			runOnlyForDeploymentPostprocessing = 0;
			shellPath = /bin/sh;
			shellScript = "diff \"${PODS_PODFILE_DIR_PATH}/Podfile.lock\" \"${PODS_ROOT}/Manifest.lock\" > /dev/null\nif [ $? != 0 ] ; then\n    # print error to STDERR\n    echo \"error: The sandbox is not in sync with the Podfile.lock. Run 'pod install' or update your CocoaPods installation.\" >&2\n    exit 1\nfi\n# This output is used by Xcode 'outputs' to avoid re-running this script phase.\necho \"SUCCESS\" > \"${SCRIPT_OUTPUT_FILE_0}\"\n";
			showEnvVarsInLog = 0;
		};
		C79EAC95EAD15E054712ADAD /* [CP-User] [RNGoogleMobileAds] Configuration */ = {
			isa = PBXShellScriptBuildPhase;
			buildActionMask = 2147483647;
			files = (
			);
			inputPaths = (
				"$(BUILT_PRODUCTS_DIR)/$(INFOPLIST_PATH)",
			);
			name = "[CP-User] [RNGoogleMobileAds] Configuration";
			runOnlyForDeploymentPostprocessing = 0;
			shellPath = /bin/sh;
			shellScript = "#!/usr/bin/env bash\n#\n# Copyright (c) 2016-present Invertase Limited & Contributors\n#\n# Licensed under the Apache License, Version 2.0 (the \"License\");\n# you may not use this library except in compliance with the License.\n# You may obtain a copy of the License at\n#\n#   http://www.apache.org/licenses/LICENSE-2.0\n#\n# Unless required by applicable law or agreed to in writing, software\n# distributed under the License is distributed on an \"AS IS\" BASIS,\n# WITHOUT WARRANTIES OR CONDITIONS OF ANY KIND, either express or implied.\n# See the License for the specific language governing permissions and\n# limitations under the License.\n#\n\n##########################################################################\n##########################################################################\n#\n#  NOTE THAT IF YOU CHANGE THIS FILE YOU MUST RUN pod install AFTERWARDS\n#\n#  This file is installed as an Xcode build script in the project file\n#  by cocoapods, and you will not see your changes until you pod install\n#\n##########################################################################\n##########################################################################\n\nset -e\n\n_MAX_LOOKUPS=2;\n_SEARCH_RESULT=''\n_RN_ROOT_EXISTS=''\n_CURRENT_LOOKUPS=1\n_PROJECT_ABBREVIATION=\"RNGoogleMobileAds\"\n_JSON_ROOT=\"'react-native-google-mobile-ads'\"\n_JSON_FILE_NAME='app.json'\n_JSON_OUTPUT_BASE64='e30=' # { }\n_CURRENT_SEARCH_DIR=${PROJECT_DIR}\n_PLIST_BUDDY=/usr/libexec/PlistBuddy\n_TARGET_PLIST=\"${BUILT_PRODUCTS_DIR}/${INFOPLIST_PATH}\"\n_DSYM_PLIST=\"${DWARF_DSYM_FOLDER_PATH}/${DWARF_DSYM_FILE_NAME}/Contents/Info.plist\"\n_PACKAGE_JSON_NAME='package.json'\n\n# plist arrays\n_PLIST_ENTRY_KEYS=()\n_PLIST_ENTRY_TYPES=()\n_PLIST_ENTRY_VALUES=()\n\nfunction setPlistValue {\n  echo \"note:      setting plist entry '$1' of type '$2' in file '$4'\"\n  ${_PLIST_BUDDY} -c \"Add :$1 $2 '$3'\" $4 || echo \"note:      '$1' already exists\"\n}\n\nfunction getJsonKeyValue () {\n  if [[ ${_RN_ROOT_EXISTS} ]]; then\n    ruby -KU -e \"require 'rubygems';require 'json'; output=JSON.parse('$1'); puts output[$_JSON_ROOT]['$2']\"\n  else\n    echo \"\"\n  fi;\n}\n\nfunction jsonBoolToYesNo () {\n  if [[ $1 == \"false\" ]]; then\n    echo \"NO\"\n  elif [[ $1 == \"true\" ]]; then\n    echo \"YES\"\n  else echo \"NO\"\n  fi\n}\n\necho \"note: -> ${_PROJECT_ABBREVIATION} build script started\"\necho \"note: 1) Locating ${_JSON_FILE_NAME} file:\"\n\nif [[ -z ${_CURRENT_SEARCH_DIR} ]]; then\n  _CURRENT_SEARCH_DIR=$(pwd)\nfi;\n\nwhile true; do\n  _CURRENT_SEARCH_DIR=$(dirname \"$_CURRENT_SEARCH_DIR\")\n  if [[ \"$_CURRENT_SEARCH_DIR\" == *.generated ]]; then continue; fi\n  if [[ \"$_CURRENT_SEARCH_DIR\" == \"/\" ]] || [[ ${_CURRENT_LOOKUPS} -gt ${_MAX_LOOKUPS} ]]; then break; fi;\n  echo \"note:      ($_CURRENT_LOOKUPS of $_MAX_LOOKUPS) Searching in '$_CURRENT_SEARCH_DIR' for a ${_JSON_FILE_NAME} file.\"\n  _SEARCH_RESULT=$(find \"$_CURRENT_SEARCH_DIR\" -maxdepth 2 -name ${_JSON_FILE_NAME} -print | /usr/bin/head -n 1)\n  if [[ ${_SEARCH_RESULT} ]]; then\n    echo \"note:      ${_JSON_FILE_NAME} found at $_SEARCH_RESULT\"\n    break;\n  fi;\n  _CURRENT_LOOKUPS=$((_CURRENT_LOOKUPS+1))\ndone\n\nif [[ ${_SEARCH_RESULT} ]]; then\n  _JSON_OUTPUT_RAW=$(cat \"${_SEARCH_RESULT}\")\n  _RN_ROOT_EXISTS=$(ruby -KU -e \"require 'rubygems';require 'json'; output=JSON.parse('$_JSON_OUTPUT_RAW'); puts output[$_JSON_ROOT]\" || echo '')\n\n  if [[ ${_RN_ROOT_EXISTS} ]]; then\n    if ! python3 --version >/dev/null 2>&1; then echo \"error: python3 not found, app.json file processing error.\" && exit 1; fi\n    _JSON_OUTPUT_BASE64=$(python3 -c 'import json,sys,base64;print(base64.b64encode(bytes(json.dumps(json.loads(open('\"'${_SEARCH_RESULT}'\"', '\"'rb'\"').read())['${_JSON_ROOT}']), '\"'utf-8'\"')).decode())' || echo \"e30=\")\n  fi\n\n  _PLIST_ENTRY_KEYS+=(\"google_mobile_ads_json_raw\")\n  _PLIST_ENTRY_TYPES+=(\"string\")\n  _PLIST_ENTRY_VALUES+=(\"$_JSON_OUTPUT_BASE64\")\n\n  # config.delay_app_measurement_init\n  _DELAY_APP_MEASUREMENT=$(getJsonKeyValue \"$_JSON_OUTPUT_RAW\" \"delay_app_measurement_init\")\n  if [[ $_DELAY_APP_MEASUREMENT == \"true\" ]]; then\n    _PLIST_ENTRY_KEYS+=(\"GADDelayAppMeasurementInit\")\n    _PLIST_ENTRY_TYPES+=(\"bool\")\n    _PLIST_ENTRY_VALUES+=(\"YES\")\n  fi\n\n  # config.ios_app_id\n  _IOS_APP_ID=$(getJsonKeyValue \"$_JSON_OUTPUT_RAW\" \"ios_app_id\")\n  if [[ $_IOS_APP_ID ]]; then\n    _PLIST_ENTRY_KEYS+=(\"GADApplicationIdentifier\")\n    _PLIST_ENTRY_TYPES+=(\"string\")\n    _PLIST_ENTRY_VALUES+=(\"$_IOS_APP_ID\")\n  fi\n\n  # config.sk_ad_network_items\n  _SK_AD_NETWORK_ITEMS=$(getJsonKeyValue \"$_JSON_OUTPUT_RAW\" \"sk_ad_network_items\")\n  if [[ $_SK_AD_NETWORK_ITEMS ]]; then\n    _PLIST_ENTRY_KEYS+=(\"SKAdNetworkItems\")\n    _PLIST_ENTRY_TYPES+=(\"array\")\n    _PLIST_ENTRY_VALUES+=(\"\")\n\n    oldifs=$IFS\n    IFS=\"\n\"\n    array=($(echo \"$_SK_AD_NETWORK_ITEMS\"))\n    IFS=$oldifs\n    for i in \"${!array[@]}\"; do\n      _PLIST_ENTRY_KEYS+=(\"SKAdNetworkItems:$i:SKAdNetworkIdentifier\")\n      _PLIST_ENTRY_TYPES+=(\"string\")\n      _PLIST_ENTRY_VALUES+=(\"${array[i]}\")  \n    done\n  fi\n\n    # config.user_tracking_usage_description\n  _USER_TRACKING_USAGE_DESCRIPTION=$(getJsonKeyValue \"$_JSON_OUTPUT_RAW\" \"user_tracking_usage_description\")\n  if [[ $_USER_TRACKING_USAGE_DESCRIPTION ]]; then\n    _PLIST_ENTRY_KEYS+=(\"NSUserTrackingUsageDescription\")\n    _PLIST_ENTRY_TYPES+=(\"string\")\n    _PLIST_ENTRY_VALUES+=(\"$_USER_TRACKING_USAGE_DESCRIPTION\")\n  fi\nelse\n  _PLIST_ENTRY_KEYS+=(\"google_mobile_ads_json_raw\")\n  _PLIST_ENTRY_TYPES+=(\"string\")\n  _PLIST_ENTRY_VALUES+=(\"$_JSON_OUTPUT_BASE64\")\n  echo \"note:   An ${_JSON_FILE_NAME} file was not found, whilst this file is optional it is recommended to include it to auto-configure services.\"\nfi;\n\necho \"note: 2) Injecting Info.plist entries: \"\n\n# Log out the keys we're adding\nfor i in \"${!_PLIST_ENTRY_KEYS[@]}\"; do\n  echo \"    ->  $i) ${_PLIST_ENTRY_KEYS[$i]}\" \"${_PLIST_ENTRY_TYPES[$i]}\" \"${_PLIST_ENTRY_VALUES[$i]}\"\ndone\n\nif ! [[ -f \"${_TARGET_PLIST}\" ]]; then\n  echo \"error: unable to locate Info.plist to set properties. App will crash without GADApplicationIdentifier set.\"\n  exit 1\nfi\n\nif ! [[ $_IOS_APP_ID ]]; then\n  echo \"warning:  ios_app_id key not found in react-native-google-mobile-ads key in app.json. App will crash without it. You may safely ignore this warning if you are using our Expo config plugin.\"\n  exit 0\nfi\n\nfor plist in \"${_TARGET_PLIST}\" \"${_DSYM_PLIST}\" ; do\n  if [[ -f \"${plist}\" ]]; then\n\n    # paths with spaces break the call to setPlistValue. temporarily modify\n    # the shell internal field separator variable (IFS), which normally\n    # includes spaces, to consist only of line breaks\n    oldifs=$IFS\n    IFS=\"\n\"\n\n    for i in \"${!_PLIST_ENTRY_KEYS[@]}\"; do\n      setPlistValue \"${_PLIST_ENTRY_KEYS[$i]}\" \"${_PLIST_ENTRY_TYPES[$i]}\" \"${_PLIST_ENTRY_VALUES[$i]}\" \"${plist}\"\n    done\n\n    # restore the original internal field separator value\n    IFS=$oldifs\n  else\n    echo \"warning:   A Info.plist build output file was not found (${plist})\"\n  fi\ndone\n\necho \"note: <- ${_PROJECT_ABBREVIATION} build script finished\"\n";
		};
		E235C05ADACE081382539298 /* [CP] Copy Pods Resources */ = {
			isa = PBXShellScriptBuildPhase;
			buildActionMask = 2147483647;
			files = (
			);
			inputFileListPaths = (
				"${PODS_ROOT}/Target Support Files/Pods-GravityInit/Pods-GravityInit-resources-${CONFIGURATION}-input-files.xcfilelist",
			);
			name = "[CP] Copy Pods Resources";
			outputFileListPaths = (
				"${PODS_ROOT}/Target Support Files/Pods-GravityInit/Pods-GravityInit-resources-${CONFIGURATION}-output-files.xcfilelist",
			);
			runOnlyForDeploymentPostprocessing = 0;
			shellPath = /bin/sh;
			shellScript = "\"${PODS_ROOT}/Target Support Files/Pods-GravityInit/Pods-GravityInit-resources.sh\"\n";
			showEnvVarsInLog = 0;
		};
/* End PBXShellScriptBuildPhase section */

/* Begin PBXSourcesBuildPhase section */
		13B07F871A680F5B00A75B9A /* Sources */ = {
			isa = PBXSourcesBuildPhase;
			buildActionMask = 2147483647;
			files = (
				761780ED2CA45674006654EE /* AppDelegate.swift in Sources */,
				A88628172EEE414793683535 /* TesseraReminders.m in Sources */,
				121601B2AB6DD257406D119B /* TesseraWidgetBridge.m in Sources */,
				87B291DA74C494AC202F656E /* TesseraWidgetReloader.swift in Sources */,
			);
			runOnlyForDeploymentPostprocessing = 0;
		};
		99575722CC4AA655DAFCF7A6 /* Sources */ = {
			isa = PBXSourcesBuildPhase;
			buildActionMask = 2147483647;
			files = (
				B2428A9A0C395695EB461554 /* TesseraWidget.swift in Sources */,
			);
			runOnlyForDeploymentPostprocessing = 0;
		};
/* End PBXSourcesBuildPhase section */

/* Begin PBXTargetDependency section */
		A4732391BEEA5704FA86A63C /* PBXTargetDependency */ = {
			isa = PBXTargetDependency;
			name = TesseraWidget;
			target = 65EA2B4E83915526F94A4A22 /* TesseraWidget */;
			targetProxy = 4FB717E377ABC6E5E5B08B46 /* PBXContainerItemProxy */;
		};
/* End PBXTargetDependency section */

/* Begin XCBuildConfiguration section */
		13B07F941A680F5B00A75B9A /* Debug */ = {
			isa = XCBuildConfiguration;
			baseConfigurationReference = 3B4392A12AC88292D35C810B /* Pods-GravityInit.debug.xcconfig */;
			buildSettings = {
				ASSETCATALOG_COMPILER_APPICON_NAME = AppIcon;
				CLANG_ENABLE_MODULES = YES;
				CODE_SIGN_STYLE = Automatic;
				CURRENT_PROJECT_VERSION = 1;
				DEVELOPMENT_TEAM = VXM327WT2T;
				ENABLE_BITCODE = NO;
				INFOPLIST_FILE = GravityInit/Info.plist;
				IPHONEOS_DEPLOYMENT_TARGET = 15.1;
				LD_RUNPATH_SEARCH_PATHS = (
					"$(inherited)",
					"@executable_path/Frameworks",
				);
				MARKETING_VERSION = 1.0;
				OTHER_LDFLAGS = (
					"$(inherited)",
					"-ObjC",
					"-lc++",
				);
				PRODUCT_BUNDLE_IDENTIFIER = com.marisdenis.tessera;
				PRODUCT_NAME = GravityInit;
				SUPPORTED_PLATFORMS = "iphoneos iphonesimulator";
				SWIFT_OPTIMIZATION_LEVEL = "-Onone";
				SWIFT_VERSION = 5.0;
				TARGETED_DEVICE_FAMILY = "1,2";
				VERSIONING_SYSTEM = "apple-generic";
			};
			name = Debug;
		};
		13B07F951A680F5B00A75B9A /* Release */ = {
			isa = XCBuildConfiguration;
			baseConfigurationReference = 5709B34CF0A7D63546082F79 /* Pods-GravityInit.release.xcconfig */;
			buildSettings = {
				ASSETCATALOG_COMPILER_APPICON_NAME = AppIcon;
				CLANG_ENABLE_MODULES = YES;
				CODE_SIGN_STYLE = Automatic;
				CURRENT_PROJECT_VERSION = 1;
				DEVELOPMENT_TEAM = VXM327WT2T;
				INFOPLIST_FILE = GravityInit/Info.plist;
				IPHONEOS_DEPLOYMENT_TARGET = 15.1;
				LD_RUNPATH_SEARCH_PATHS = (
					"$(inherited)",
					"@executable_path/Frameworks",
				);
				MARKETING_VERSION = 1.0;
				OTHER_LDFLAGS = (
					"$(inherited)",
					"-ObjC",
					"-lc++",
				);
				PRODUCT_BUNDLE_IDENTIFIER = com.marisdenis.tessera;
				PRODUCT_NAME = GravityInit;
				SUPPORTED_PLATFORMS = "iphoneos iphonesimulator";
				SWIFT_VERSION = 5.0;
				TARGETED_DEVICE_FAMILY = "1,2";
				VERSIONING_SYSTEM = "apple-generic";
			};
			name = Release;
		};
		60D59DF1A06BFF0179F8E637 /* Release */ = {
			isa = XCBuildConfiguration;
			buildSettings = {
				APPLICATION_EXTENSION_API_ONLY = YES;
				ASSETCATALOG_COMPILER_GLOBAL_ACCENT_COLOR_NAME = AccentColor;
				CLANG_ENABLE_OBJC_WEAK = NO;
				CODE_SIGN_STYLE = Automatic;
				CURRENT_PROJECT_VERSION = 1;
				DEVELOPMENT_TEAM = VXM327WT2T;
				GENERATE_INFOPLIST_FILE = NO;
				INFOPLIST_FILE = TesseraWidget/Info.plist;
				IPHONEOS_DEPLOYMENT_TARGET = 15.1;
				LD_RUNPATH_SEARCH_PATHS = (
					"$(inherited)",
					"@executable_path/Frameworks",
					"@executable_path/../../Frameworks",
				);
				MARKETING_VERSION = 1.0;
				PRODUCT_BUNDLE_IDENTIFIER = com.marisdenis.tessera.widget;
				PRODUCT_NAME = "$(TARGET_NAME)";
				SDKROOT = iphoneos;
				SKIP_INSTALL = YES;
				SWIFT_VERSION = 5.0;
				TARGETED_DEVICE_FAMILY = "1,2";
				VALIDATE_PRODUCT = YES;
			};
			name = Release;
		};
		83CBBA201A601CBA00E9B192 /* Debug */ = {
			isa = XCBuildConfiguration;
			buildSettings = {
				ALWAYS_SEARCH_USER_PATHS = NO;
				CLANG_ANALYZER_LOCALIZABILITY_NONLOCALIZED = YES;
				CLANG_CXX_LANGUAGE_STANDARD = "c++20";
				CLANG_CXX_LIBRARY = "libc++";
				CLANG_ENABLE_MODULES = YES;
				CLANG_ENABLE_OBJC_ARC = YES;
				CLANG_WARN_BLOCK_CAPTURE_AUTORELEASING = YES;
				CLANG_WARN_BOOL_CONVERSION = YES;
				CLANG_WARN_COMMA = YES;
				CLANG_WARN_CONSTANT_CONVERSION = YES;
				CLANG_WARN_DEPRECATED_OBJC_IMPLEMENTATIONS = YES;
				CLANG_WARN_DIRECT_OBJC_ISA_USAGE = YES_ERROR;
				CLANG_WARN_EMPTY_BODY = YES;
				CLANG_WARN_ENUM_CONVERSION = YES;
				CLANG_WARN_INFINITE_RECURSION = YES;
				CLANG_WARN_INT_CONVERSION = YES;
				CLANG_WARN_NON_LITERAL_NULL_CONVERSION = YES;
				CLANG_WARN_OBJC_IMPLICIT_RETAIN_SELF = YES;
				CLANG_WARN_OBJC_LITERAL_CONVERSION = YES;
				CLANG_WARN_OBJC_ROOT_CLASS = YES_ERROR;
				CLANG_WARN_QUOTED_INCLUDE_IN_FRAMEWORK_HEADER = YES;
				CLANG_WARN_RANGE_LOOP_ANALYSIS = YES;
				CLANG_WARN_STRICT_PROTOTYPES = YES;
				CLANG_WARN_SUSPICIOUS_MOVE = YES;
				CLANG_WARN_UNREACHABLE_CODE = YES;
				CLANG_WARN__DUPLICATE_METHOD_MATCH = YES;
				"CODE_SIGN_IDENTITY[sdk=iphoneos*]" = "iPhone Developer";
				COPY_PHASE_STRIP = NO;
				ENABLE_STRICT_OBJC_MSGSEND = YES;
				ENABLE_TESTABILITY = YES;
				"EXCLUDED_ARCHS[sdk=iphonesimulator*]" = "";
				GCC_C_LANGUAGE_STANDARD = gnu99;
				GCC_DYNAMIC_NO_PIC = NO;
				GCC_NO_COMMON_BLOCKS = YES;
				GCC_OPTIMIZATION_LEVEL = 0;
				GCC_PREPROCESSOR_DEFINITIONS = (
					"DEBUG=1",
					"$(inherited)",
				);
				GCC_SYMBOLS_PRIVATE_EXTERN = NO;
				GCC_WARN_64_TO_32_BIT_CONVERSION = YES;
				GCC_WARN_ABOUT_RETURN_TYPE = YES_ERROR;
				GCC_WARN_UNDECLARED_SELECTOR = YES;
				GCC_WARN_UNINITIALIZED_AUTOS = YES_AGGRESSIVE;
				GCC_WARN_UNUSED_FUNCTION = YES;
				GCC_WARN_UNUSED_VARIABLE = YES;
				IPHONEOS_DEPLOYMENT_TARGET = 15.1;
				LD_RUNPATH_SEARCH_PATHS = (
					/usr/lib/swift,
					"$(inherited)",
				);
				LIBRARY_SEARCH_PATHS = (
					"\"$(SDKROOT)/usr/lib/swift\"",
					"\"$(TOOLCHAIN_DIR)/usr/lib/swift/$(PLATFORM_NAME)\"",
					"\"$(inherited)\"",
				);
				MTL_ENABLE_DEBUG_INFO = YES;
				ONLY_ACTIVE_ARCH = YES;
				OTHER_CFLAGS = (
					"$(inherited)",
					"-DRCT_REMOVE_LEGACY_ARCH=1",
				);
				OTHER_CPLUSPLUSFLAGS = (
					"$(OTHER_CFLAGS)",
					"-DFOLLY_NO_CONFIG",
					"-DFOLLY_MOBILE=1",
					"-DFOLLY_USE_LIBCPP=1",
					"-DFOLLY_CFG_NO_COROUTINES=1",
					"-DFOLLY_HAVE_CLOCK_GETTIME=1",
					"-DRCT_REMOVE_LEGACY_ARCH=1",
				);
				PODFILE_DIR = "$(SRCROOT)";
				REACT_NATIVE_PATH = "${PODS_ROOT}/../../node_modules/react-native";
				SDKROOT = iphoneos;
				SWIFT_ACTIVE_COMPILATION_CONDITIONS = "$(inherited) DEBUG";
				USE_HERMES = true;
			};
			name = Debug;
		};
		83CBBA211A601CBA00E9B192 /* Release */ = {
			isa = XCBuildConfiguration;
			buildSettings = {
				ALWAYS_SEARCH_USER_PATHS = NO;
				CLANG_ANALYZER_LOCALIZABILITY_NONLOCALIZED = YES;
				CLANG_CXX_LANGUAGE_STANDARD = "c++20";
				CLANG_CXX_LIBRARY = "libc++";
				CLANG_ENABLE_MODULES = YES;
				CLANG_ENABLE_OBJC_ARC = YES;
				CLANG_WARN_BLOCK_CAPTURE_AUTORELEASING = YES;
				CLANG_WARN_BOOL_CONVERSION = YES;
				CLANG_WARN_COMMA = YES;
				CLANG_WARN_CONSTANT_CONVERSION = YES;
				CLANG_WARN_DEPRECATED_OBJC_IMPLEMENTATIONS = YES;
				CLANG_WARN_DIRECT_OBJC_ISA_USAGE = YES_ERROR;
				CLANG_WARN_EMPTY_BODY = YES;
				CLANG_WARN_ENUM_CONVERSION = YES;
				CLANG_WARN_INFINITE_RECURSION = YES;
				CLANG_WARN_INT_CONVERSION = YES;
				CLANG_WARN_NON_LITERAL_NULL_CONVERSION = YES;
				CLANG_WARN_OBJC_IMPLICIT_RETAIN_SELF = YES;
				CLANG_WARN_OBJC_LITERAL_CONVERSION = YES;
				CLANG_WARN_OBJC_ROOT_CLASS = YES_ERROR;
				CLANG_WARN_QUOTED_INCLUDE_IN_FRAMEWORK_HEADER = YES;
				CLANG_WARN_RANGE_LOOP_ANALYSIS = YES;
				CLANG_WARN_STRICT_PROTOTYPES = YES;
				CLANG_WARN_SUSPICIOUS_MOVE = YES;
				CLANG_WARN_UNREACHABLE_CODE = YES;
				CLANG_WARN__DUPLICATE_METHOD_MATCH = YES;
				"CODE_SIGN_IDENTITY[sdk=iphoneos*]" = "iPhone Developer";
				COPY_PHASE_STRIP = YES;
				ENABLE_NS_ASSERTIONS = NO;
				ENABLE_STRICT_OBJC_MSGSEND = YES;
				"EXCLUDED_ARCHS[sdk=iphonesimulator*]" = "";
				GCC_C_LANGUAGE_STANDARD = gnu99;
				GCC_NO_COMMON_BLOCKS = YES;
				GCC_WARN_64_TO_32_BIT_CONVERSION = YES;
				GCC_WARN_ABOUT_RETURN_TYPE = YES_ERROR;
				GCC_WARN_UNDECLARED_SELECTOR = YES;
				GCC_WARN_UNINITIALIZED_AUTOS = YES_AGGRESSIVE;
				GCC_WARN_UNUSED_FUNCTION = YES;
				GCC_WARN_UNUSED_VARIABLE = YES;
				IPHONEOS_DEPLOYMENT_TARGET = 15.1;
				LD_RUNPATH_SEARCH_PATHS = (
					/usr/lib/swift,
					"$(inherited)",
				);
				LIBRARY_SEARCH_PATHS = (
					"\"$(SDKROOT)/usr/lib/swift\"",
					"\"$(TOOLCHAIN_DIR)/usr/lib/swift/$(PLATFORM_NAME)\"",
					"\"$(inherited)\"",
				);
				MTL_ENABLE_DEBUG_INFO = NO;
				OTHER_CFLAGS = (
					"$(inherited)",
					"-DRCT_REMOVE_LEGACY_ARCH=1",
				);
				OTHER_CPLUSPLUSFLAGS = (
					"$(OTHER_CFLAGS)",
					"-DFOLLY_NO_CONFIG",
					"-DFOLLY_MOBILE=1",
					"-DFOLLY_USE_LIBCPP=1",
					"-DFOLLY_CFG_NO_COROUTINES=1",
					"-DFOLLY_HAVE_CLOCK_GETTIME=1",
					"-DRCT_REMOVE_LEGACY_ARCH=1",
				);
				PODFILE_DIR = "$(SRCROOT)";
				REACT_NATIVE_PATH = "${PODS_ROOT}/../../node_modules/react-native";
				SDKROOT = iphoneos;
				USE_HERMES = true;
				VALIDATE_PRODUCT = YES;
			};
			name = Release;
		};
		8976B04FA55FF04FB1F22409 /* Debug */ = {
			isa = XCBuildConfiguration;
			buildSettings = {
				APPLICATION_EXTENSION_API_ONLY = YES;
				ASSETCATALOG_COMPILER_GLOBAL_ACCENT_COLOR_NAME = AccentColor;
				CLANG_ENABLE_OBJC_WEAK = NO;
				CODE_SIGN_STYLE = Automatic;
				CURRENT_PROJECT_VERSION = 1;
				DEVELOPMENT_TEAM = VXM327WT2T;
				GENERATE_INFOPLIST_FILE = NO;
				INFOPLIST_FILE = TesseraWidget/Info.plist;
				IPHONEOS_DEPLOYMENT_TARGET = 15.1;
				LD_RUNPATH_SEARCH_PATHS = (
					"$(inherited)",
					"@executable_path/Frameworks",
					"@executable_path/../../Frameworks",
				);
				MARKETING_VERSION = 1.0;
				PRODUCT_BUNDLE_IDENTIFIER = com.marisdenis.tessera.widget;
				PRODUCT_NAME = "$(TARGET_NAME)";
				SDKROOT = iphoneos;
				SKIP_INSTALL = YES;
				SWIFT_VERSION = 5.0;
				TARGETED_DEVICE_FAMILY = "1,2";
			};
			name = Debug;
		};
/* End XCBuildConfiguration section */

/* Begin XCConfigurationList section */
		13B07F931A680F5B00A75B9A /* Build configuration list for PBXNativeTarget "GravityInit" */ = {
			isa = XCConfigurationList;
			buildConfigurations = (
				13B07F941A680F5B00A75B9A /* Debug */,
				13B07F951A680F5B00A75B9A /* Release */,
			);
			defaultConfigurationIsVisible = 0;
			defaultConfigurationName = Release;
		};
		83CBB9FA1A601CBA00E9B192 /* Build configuration list for PBXProject "GravityInit" */ = {
			isa = XCConfigurationList;
			buildConfigurations = (
				83CBBA201A601CBA00E9B192 /* Debug */,
				83CBBA211A601CBA00E9B192 /* Release */,
			);
			defaultConfigurationIsVisible = 0;
			defaultConfigurationName = Release;
		};
		C59D542CAA7701CD40ED36DA /* Build configuration list for PBXNativeTarget "TesseraWidget" */ = {
			isa = XCConfigurationList;
			buildConfigurations = (
				60D59DF1A06BFF0179F8E637 /* Release */,
				8976B04FA55FF04FB1F22409 /* Debug */,
			);
			defaultConfigurationIsVisible = 0;
			defaultConfigurationName = Release;
		};
/* End XCConfigurationList section */
	};
	rootObject = 83CBB9F71A601CBA00E9B192 /* Project object */;
}
